
Microsoft Visual Studio Solution File, Format Version 12.00
# Visual Studio Version 17
VisualStudioVersion = 17.10.35013.160
MinimumVisualStudioVersion = 10.0.40219.1
Project("{FAE04EC0-301F-11D3-BF4B-00C04F79EFBC}") = "Bin2Decimal", "Bin2Decimal.csproj", "{4478C706-4C10-4025-93FF-07FEEE3F7348}"
EndProject
Global
	GlobalSection(SolutionConfigurationPlatforms) = preSolution
		Debug|Any CPU = Debug|Any CPU
		Release|Any CPU = Release|Any CPU
	EndGlobalSection
	GlobalSection(ProjectConfigurationPlatforms) = postSolution
		{4478C706-4C10-4025-93FF-07FEEE3F7348}.Debug|Any CPU.ActiveCfg = Debug|Any CPU
		{4478C706-4C10-4025-93FF-07FEEE3F7348}.Debug|Any CPU.Build.0 = Debug|Any CPU
		{4478C706-4C10-4025-93FF-07FEEE3F7348}.Release|Any CPU.ActiveCfg = Release|Any CPU
		{4478C706-4C10-4025-93FF-07FEEE3F7348}.Release|Any CPU.Build.0 = Release|Any CPU
	EndGlobalSection
	GlobalSection(SolutionProperties) = preSolution
		HideSolutionNode = FALSE
	EndGlobalSection
	GlobalSection(ExtensibilityGlobals) = postSolution
		SolutionGuid = {CB1D9126-3DE2-4FC8-A1DC-B48B9D988450}
	EndGlobalSection
EndGlobal
